// !$*UTF8*$!
{
	archiveVersion = 1;
	classes = {
	};
	objectVersion = 50;
	objects = {

/* Begin PBXBuildFile section */
		4C90448921EFE65600DEFA36 /* AppDelegate.swift in Sources */ = {isa = PBXBuildFile; fileRef = 4C90448821EFE65600DEFA36 /* AppDelegate.swift */; };
		4C90448B21EFE65600DEFA36 /* ViewController.swift in Sources */ = {isa = PBXBuildFile; fileRef = 4C90448A21EFE65600DEFA36 /* ViewController.swift */; };
		4C90448E21EFE65600DEFA36 /* Main.storyboard in Resources */ = {isa = PBXBuildFile; fileRef = 4C90448C21EFE65600DEFA36 /* Main.storyboard */; };
		4C90449121EFE65600DEFA36 /* ios_alpha.xcdatamodeld in Sources */ = {isa = PBXBuildFile; fileRef = 4C90448F21EFE65600DEFA36 /* ios_alpha.xcdatamodeld */; };
		4C90449321EFE65700DEFA36 /* Assets.xcassets in Resources */ = {isa = PBXBuildFile; fileRef = 4C90449221EFE65700DEFA36 /* Assets.xcassets */; };
		4C90449621EFE65700DEFA36 /* LaunchScreen.storyboard in Resources */ = {isa = PBXBuildFile; fileRef = 4C90449421EFE65700DEFA36 /* LaunchScreen.storyboard */; };
		4C9044A121EFE65700DEFA36 /* ios_alphaTests.swift in Sources */ = {isa = PBXBuildFile; fileRef = 4C9044A021EFE65700DEFA36 /* ios_alphaTests.swift */; };
		4C9044AC21EFE65700DEFA36 /* ios_alphaUITests.swift in Sources */ = {isa = PBXBuildFile; fileRef = 4C9044AB21EFE65700DEFA36 /* ios_alphaUITests.swift */; };
		4CE763C021FF692200FCA605 /* GoogleService-Info.plist in Resources */ = {isa = PBXBuildFile; fileRef = 4CE763BF21FF692200FCA605 /* GoogleService-Info.plist */; };
/* End PBXBuildFile section */

/* Begin PBXContainerItemProxy section */
		4C90449D21EFE65700DEFA36 /* PBXContainerItemProxy */ = {
			isa = PBXContainerItemProxy;
			containerPortal = 4C90447D21EFE65600DEFA36 /* Project object */;
			proxyType = 1;
			remoteGlobalIDString = 4C90448421EFE65600DEFA36;
			remoteInfo = "ios-alpha";
		};
		4C9044A821EFE65700DEFA36 /* PBXContainerItemProxy */ = {
			isa = PBXContainerItemProxy;
			containerPortal = 4C90447D21EFE65600DEFA36 /* Project object */;
			proxyType = 1;
			remoteGlobalIDString = 4C90448421EFE65600DEFA36;
			remoteInfo = "ios-alpha";
		};
/* End PBXContainerItemProxy section */

/* Begin PBXFileReference section */
		4C90448521EFE65600DEFA36 /* ios-alpha.app */ = {isa = PBXFileReference; explicitFileType = wrapper.application; includeInIndex = 0; path = "ios-alpha.app"; sourceTree = BUILT_PRODUCTS_DIR; };
		4C90448821EFE65600DEFA36 /* AppDelegate.swift */ = {isa = PBXFileReference; lastKnownFileType = sourcecode.swift; path = AppDelegate.swift; sourceTree = "<group>"; };
		4C90448A21EFE65600DEFA36 /* ViewController.swift */ = {isa = PBXFileReference; lastKnownFileType = sourcecode.swift; path = ViewController.swift; sourceTree = "<group>"; };
		4C90448D21EFE65600DEFA36 /* Base */ = {isa = PBXFileReference; lastKnownFileType = file.storyboard; name = Base; path = Base.lproj/Main.storyboard; sourceTree = "<group>"; };
		4C90449021EFE65600DEFA36 /* ios_alpha.xcdatamodel */ = {isa = PBXFileReference; lastKnownFileType = wrapper.xcdatamodel; path = ios_alpha.xcdatamodel; sourceTree = "<group>"; };
		4C90449221EFE65700DEFA36 /* Assets.xcassets */ = {isa = PBXFileReference; lastKnownFileType = folder.assetcatalog; path = Assets.xcassets; sourceTree = "<group>"; };
		4C90449521EFE65700DEFA36 /* Base */ = {isa = PBXFileReference; lastKnownFileType = file.storyboard; name = Base; path = Base.lproj/LaunchScreen.storyboard; sourceTree = "<group>"; };
		4C90449721EFE65700DEFA36 /* Info.plist */ = {isa = PBXFileReference; lastKnownFileType = text.plist.xml; path = Info.plist; sourceTree = "<group>"; };
		4C90449C21EFE65700DEFA36 /* ios-alphaTests.xctest */ = {isa = PBXFileReference; explicitFileType = wrapper.cfbundle; includeInIndex = 0; path = "ios-alphaTests.xctest"; sourceTree = BUILT_PRODUCTS_DIR; };
		4C9044A021EFE65700DEFA36 /* ios_alphaTests.swift */ = {isa = PBXFileReference; lastKnownFileType = sourcecode.swift; path = ios_alphaTests.swift; sourceTree = "<group>"; };
		4C9044A221EFE65700DEFA36 /* Info.plist */ = {isa = PBXFileReference; lastKnownFileType = text.plist.xml; path = Info.plist; sourceTree = "<group>"; };
		4C9044A721EFE65700DEFA36 /* ios-alphaUITests.xctest */ = {isa = PBXFileReference; explicitFileType = wrapper.cfbundle; includeInIndex = 0; path = "ios-alphaUITests.xctest"; sourceTree = BUILT_PRODUCTS_DIR; };
		4C9044AB21EFE65700DEFA36 /* ios_alphaUITests.swift */ = {isa = PBXFileReference; lastKnownFileType = sourcecode.swift; path = ios_alphaUITests.swift; sourceTree = "<group>"; };
		4C9044AD21EFE65700DEFA36 /* Info.plist */ = {isa = PBXFileReference; lastKnownFileType = text.plist.xml; path = Info.plist; sourceTree = "<group>"; };
		4CE763BF21FF692200FCA605 /* GoogleService-Info.plist */ = {isa = PBXFileReference; fileEncoding = 4; lastKnownFileType = text.plist.xml; name = "GoogleService-Info.plist"; path = "../../../../../Downloads/GoogleService-Info.plist"; sourceTree = "<group>"; };
/* End PBXFileReference section */

/* Begin PBXFrameworksBuildPhase section */
		4C90448221EFE65600DEFA36 /* Frameworks */ = {
			isa = PBXFrameworksBuildPhase;
			buildActionMask = 2147483647;
			files = (
			);
			runOnlyForDeploymentPostprocessing = 0;
		};
		4C90449921EFE65700DEFA36 /* Frameworks */ = {
			isa = PBXFrameworksBuildPhase;
			buildActionMask = 2147483647;
			files = (
			);
			runOnlyForDeploymentPostprocessing = 0;
		};
		4C9044A421EFE65700DEFA36 /* Frameworks */ = {
			isa = PBXFrameworksBuildPhase;
			buildActionMask = 2147483647;
			files = (
			);
			runOnlyForDeploymentPostprocessing = 0;
		};
/* End PBXFrameworksBuildPhase section */

/* Begin PBXGroup section */
		4C90447C21EFE65600DEFA36 = {
			isa = PBXGroup;
			children = (
				4C90448721EFE65600DEFA36 /* ios-alpha */,
				4C90449F21EFE65700DEFA36 /* ios-alphaTests */,
				4C9044AA21EFE65700DEFA36 /* ios-alphaUITests */,
				4C90448621EFE65600DEFA36 /* Products */,
			);
			sourceTree = "<group>";
		};
		4C90448621EFE65600DEFA36 /* Products */ = {
			isa = PBXGroup;
			children = (
				4C90448521EFE65600DEFA36 /* ios-alpha.app */,
				4C90449C21EFE65700DEFA36 /* ios-alphaTests.xctest */,
				4C9044A721EFE65700DEFA36 /* ios-alphaUITests.xctest */,
			);
			name = Products;
			sourceTree = "<group>";
		};
		4C90448721EFE65600DEFA36 /* ios-alpha */ = {
			isa = PBXGroup;
			children = (
				4CE763BF21FF692200FCA605 /* GoogleService-Info.plist */,
				4C90448821EFE65600DEFA36 /* AppDelegate.swift */,
				4C90448A21EFE65600DEFA36 /* ViewController.swift */,
				4C90448C21EFE65600DEFA36 /* Main.storyboard */,
				4C90449221EFE65700DEFA36 /* Assets.xcassets */,
				4C90449421EFE65700DEFA36 /* LaunchScreen.storyboard */,
				4C90449721EFE65700DEFA36 /* Info.plist */,
				4C90448F21EFE65600DEFA36 /* ios_alpha.xcdatamodeld */,
			);
			path = "ios-alpha";
			sourceTree = "<group>";
		};
		4C90449F21EFE65700DEFA36 /* ios-alphaTests */ = {
			isa = PBXGroup;
			children = (
				4C9044A021EFE65700DEFA36 /* ios_alphaTests.swift */,
				4C9044A221EFE65700DEFA36 /* Info.plist */,
			);
			path = "ios-alphaTests";
			sourceTree = "<group>";
		};
		4C9044AA21EFE65700DEFA36 /* ios-alphaUITests */ = {
			isa = PBXGroup;
			children = (
				4C9044AB21EFE65700DEFA36 /* ios_alphaUITests.swift */,
				4C9044AD21EFE65700DEFA36 /* Info.plist */,
			);
			path = "ios-alphaUITests";
			sourceTree = "<group>";
		};
/* End PBXGroup section */

/* Begin PBXNativeTarget section */
		4C90448421EFE65600DEFA36 /* ios-alpha */ = {
			isa = PBXNativeTarget;
			buildConfigurationList = 4C9044B021EFE65700DEFA36 /* Build configuration list for PBXNativeTarget "ios-alpha" */;
			buildPhases = (
				4C90448121EFE65600DEFA36 /* Sources */,
				4C90448221EFE65600DEFA36 /* Frameworks */,
				4C90448321EFE65600DEFA36 /* Resources */,
			);
			buildRules = (
			);
			dependencies = (
			);
			name = "ios-alpha";
			productName = "ios-alpha";
			productReference = 4C90448521EFE65600DEFA36 /* ios-alpha.app */;
			productType = "com.apple.product-type.application";
		};
		4C90449B21EFE65700DEFA36 /* ios-alphaTests */ = {
			isa = PBXNativeTarget;
			buildConfigurationList = 4C9044B321EFE65700DEFA36 /* Build configuration list for PBXNativeTarget "ios-alphaTests" */;
			buildPhases = (
				4C90449821EFE65700DEFA36 /* Sources */,
				4C90449921EFE65700DEFA36 /* Frameworks */,
				4C90449A21EFE65700DEFA36 /* Resources */,
			);
			buildRules = (
			);
			dependencies = (
				4C90449E21EFE65700DEFA36 /* PBXTargetDependency */,
			);
			name = "ios-alphaTests";
			productName = "ios-alphaTests";
			productReference = 4C90449C21EFE65700DEFA36 /* ios-alphaTests.xctest */;
			productType = "com.apple.product-type.bundle.unit-test";
		};
		4C9044A621EFE65700DEFA36 /* ios-alphaUITests */ = {
			isa = PBXNativeTarget;
			buildConfigurationList = 4C9044B621EFE65700DEFA36 /* Build configuration list for PBXNativeTarget "ios-alphaUITests" */;
			buildPhases = (
				4C9044A321EFE65700DEFA36 /* Sources */,
				4C9044A421EFE65700DEFA36 /* Frameworks */,
				4C9044A521EFE65700DEFA36 /* Resources */,
			);
			buildRules = (
			);
			dependencies = (
				4C9044A921EFE65700DEFA36 /* PBXTargetDependency */,
			);
			name = "ios-alphaUITests";
			productName = "ios-alphaUITests";
			productReference = 4C9044A721EFE65700DEFA36 /* ios-alphaUITests.xctest */;
			productType = "com.apple.product-type.bundle.ui-testing";
		};
/* End PBXNativeTarget section */

/* Begin PBXProject section */
		4C90447D21EFE65600DEFA36 /* Project object */ = {
			isa = PBXProject;
			attributes = {
				LastSwiftUpdateCheck = 1010;
				LastUpgradeCheck = 1010;
				ORGANIZATIONNAME = "Mobile Apps & Services";
				TargetAttributes = {
					4C90448421EFE65600DEFA36 = {
						CreatedOnToolsVersion = 10.1;
					};
					4C90449B21EFE65700DEFA36 = {
						CreatedOnToolsVersion = 10.1;
						TestTargetID = 4C90448421EFE65600DEFA36;
					};
					4C9044A621EFE65700DEFA36 = {
						CreatedOnToolsVersion = 10.1;
						TestTargetID = 4C90448421EFE65600DEFA36;
					};
				};
			};
			buildConfigurationList = 4C90448021EFE65600DEFA36 /* Build configuration list for PBXProject "ios-alpha" */;
			compatibilityVersion = "Xcode 9.3";
			developmentRegion = en;
			hasScannedForEncodings = 0;
			knownRegions = (
				en,
				Base,
			);
			mainGroup = 4C90447C21EFE65600DEFA36;
			productRefGroup = 4C90448621EFE65600DEFA36 /* Products */;
			projectDirPath = "";
			projectRoot = "";
			targets = (
				4C90448421EFE65600DEFA36 /* ios-alpha */,
				4C90449B21EFE65700DEFA36 /* ios-alphaTests */,
				4C9044A621EFE65700DEFA36 /* ios-alphaUITests */,
			);
		};
/* End PBXProject section */

/* Begin PBXResourcesBuildPhase section */
		4C90448321EFE65600DEFA36 /* Resources */ = {
			isa = PBXResourcesBuildPhase;
			buildActionMask = 2147483647;
			files = (
				4C90449621EFE65700DEFA36 /* LaunchScreen.storyboard in Resources */,
				4CE763C021FF692200FCA605 /* GoogleService-Info.plist in Resources */,
				4C90449321EFE65700DEFA36 /* Assets.xcassets in Resources */,
				4C90448E21EFE65600DEFA36 /* Main.storyboard in Resources */,
			);
			runOnlyForDeploymentPostprocessing = 0;
		};
		4C90449A21EFE65700DEFA36 /* Resources */ = {
			isa = PBXResourcesBuildPhase;
			buildActionMask = 2147483647;
			files = (
			);
			runOnlyForDeploymentPostprocessing = 0;
		};
		4C9044A521EFE65700DEFA36 /* Resources */ = {
			isa = PBXResourcesBuildPhase;
			buildActionMask = 2147483647;
			files = (
			);
			runOnlyForDeploymentPostprocessing = 0;
		};
/* End PBXResourcesBuildPhase section */

/* Begin PBXSourcesBuildPhase section */
		4C90448121EFE65600DEFA36 /* Sources */ = {
			isa = PBXSourcesBuildPhase;
			buildActionMask = 2147483647;
			files = (
				4C90448B21EFE65600DEFA36 /* ViewController.swift in Sources */,
				4C90449121EFE65600DEFA36 /* ios_alpha.xcdatamodeld in Sources */,
				4C90448921EFE65600DEFA36 /* AppDelegate.swift in Sources */,
			);
			runOnlyForDeploymentPostprocessing = 0;
		};
		4C90449821EFE65700DEFA36 /* Sources */ = {
			isa = PBXSourcesBuildPhase;
			buildActionMask = 2147483647;
			files = (
				4C9044A121EFE65700DEFA36 /* ios_alphaTests.swift in Sources */,
			);
			runOnlyForDeploymentPostprocessing = 0;
		};
		4C9044A321EFE65700DEFA36 /* Sources */ = {
			isa = PBXSourcesBuildPhase;
			buildActionMask = 2147483647;
			files = (
				4C9044AC21EFE65700DEFA36 /* ios_alphaUITests.swift in Sources */,
			);
			runOnlyForDeploymentPostprocessing = 0;
		};
/* End PBXSourcesBuildPhase section */

/* Begin PBXTargetDependency section */
		4C90449E21EFE65700DEFA36 /* PBXTargetDependency */ = {
			isa = PBXTargetDependency;
			target = 4C90448421EFE65600DEFA36 /* ios-alpha */;
			targetProxy = 4C90449D21EFE65700DEFA36 /* PBXContainerItemProxy */;
		};
		4C9044A921EFE65700DEFA36 /* PBXTargetDependency */ = {
			isa = PBXTargetDependency;
			target = 4C90448421EFE65600DEFA36 /* ios-alpha */;
			targetProxy = 4C9044A821EFE65700DEFA36 /* PBXContainerItemProxy */;
		};
/* End PBXTargetDependency section */

/* Begin PBXVariantGroup section */
		4C90448C21EFE65600DEFA36 /* Main.storyboard */ = {
			isa = PBXVariantGroup;
			children = (
				4C90448D21EFE65600DEFA36 /* Base */,
			);
			name = Main.storyboard;
			sourceTree = "<group>";
		};
		4C90449421EFE65700DEFA36 /* LaunchScreen.storyboard */ = {
			isa = PBXVariantGroup;
			children = (
				4C90449521EFE65700DEFA36 /* Base */,
			);
			name = LaunchScreen.storyboard;
			sourceTree = "<group>";
		};
/* End PBXVariantGroup section */

/* Begin XCBuildConfiguration section */
		4C9044AE21EFE65700DEFA36 /* Debug */ = {
			isa = XCBuildConfiguration;
			buildSettings = {
				ALWAYS_SEARCH_USER_PATHS = NO;
				CLANG_ANALYZER_NONNULL = YES;
				CLANG_ANALYZER_NUMBER_OBJECT_CONVERSION = YES_AGGRESSIVE;
				CLANG_CXX_LANGUAGE_STANDARD = "gnu++14";
				CLANG_CXX_LIBRARY = "libc++";
				CLANG_ENABLE_MODULES = YES;
				CLANG_ENABLE_OBJC_ARC = YES;
				CLANG_ENABLE_OBJC_WEAK = YES;
				CLANG_WARN_BLOCK_CAPTURE_AUTORELEASING = YES;
				CLANG_WARN_BOOL_CONVERSION = YES;
				CLANG_WARN_COMMA = YES;
				CLANG_WARN_CONSTANT_CONVERSION = YES;
				CLANG_WARN_DEPRECATED_OBJC_IMPLEMENTATIONS = YES;
				CLANG_WARN_DIRECT_OBJC_ISA_USAGE = YES_ERROR;
				CLANG_WARN_DOCUMENTATION_COMMENTS = YES;
				CLANG_WARN_EMPTY_BODY = YES;
				CLANG_WARN_ENUM_CONVERSION = YES;
				CLANG_WARN_INFINITE_RECURSION = YES;
				CLANG_WARN_INT_CONVERSION = YES;
				CLANG_WARN_NON_LITERAL_NULL_CONVERSION = YES;
				CLANG_WARN_OBJC_IMPLICIT_RETAIN_SELF = YES;
				CLANG_WARN_OBJC_LITERAL_CONVERSION = YES;
				CLANG_WARN_OBJC_ROOT_CLASS = YES_ERROR;
				CLANG_WARN_RANGE_LOOP_ANALYSIS = YES;
				CLANG_WARN_STRICT_PROTOTYPES = YES;
				CLANG_WARN_SUSPICIOUS_MOVE = YES;
				CLANG_WARN_UNGUARDED_AVAILABILITY = YES_AGGRESSIVE;
				CLANG_WARN_UNREACHABLE_CODE = YES;
				CLANG_WARN__DUPLICATE_METHOD_MATCH = YES;
				CODE_SIGN_IDENTITY = "iPhone Developer";
				COPY_PHASE_STRIP = NO;
				DEBUG_INFORMATION_FORMAT = dwarf;
				ENABLE_STRICT_OBJC_MSGSEND = YES;
				ENABLE_TESTABILITY = YES;
				GCC_C_LANGUAGE_STANDARD = gnu11;
				GCC_DYNAMIC_NO_PIC = NO;
				GCC_NO_COMMON_BLOCKS = YES;
				GCC_OPTIMIZATION_LEVEL = 0;
				GCC_PREPROCESSOR_DEFINITIONS = (
					"DEBUG=1",
					"$(inherited)",
				);
				GCC_WARN_64_TO_32_BIT_CONVERSION = YES;
				GCC_WARN_ABOUT_RETURN_TYPE = YES_ERROR;
				GCC_WARN_UNDECLARED_SELECTOR = YES;
				GCC_WARN_UNINITIALIZED_AUTOS = YES_AGGRESSIVE;
				GCC_WARN_UNUSED_FUNCTION = YES;
				GCC_WARN_UNUSED_VARIABLE = YES;
				IPHONEOS_DEPLOYMENT_TARGET = 12.1;
				MTL_ENABLE_DEBUG_INFO = INCLUDE_SOURCE;
				MTL_FAST_MATH = YES;
				ONLY_ACTIVE_ARCH = YES;
				SDKROOT = iphoneos;
				SWIFT_ACTIVE_COMPILATION_CONDITIONS = DEBUG;
				SWIFT_OPTIMIZATION_LEVEL = "-Onone";
			};
			name = Debug;
		};
		4C9044AF21EFE65700DEFA36 /* Release */ = {
			isa = XCBuildConfiguration;
			buildSettings = {
				ALWAYS_SEARCH_USER_PATHS = NO;
				CLANG_ANALYZER_NONNULL = YES;
				CLANG_ANALYZER_NUMBER_OBJECT_CONVERSION = YES_AGGRESSIVE;
				CLANG_CXX_LANGUAGE_STANDARD = "gnu++14";
				CLANG_CXX_LIBRARY = "libc++";
				CLANG_ENABLE_MODULES = YES;
				CLANG_ENABLE_OBJC_ARC = YES;
				CLANG_ENABLE_OBJC_WEAK = YES;
				CLANG_WARN_BLOCK_CAPTURE_AUTORELEASING = YES;
				CLANG_WARN_BOOL_CONVERSION = YES;
				CLANG_WARN_COMMA = YES;
				CLANG_WARN_CONSTANT_CONVERSION = YES;
				CLANG_WARN_DEPRECATED_OBJC_IMPLEMENTATIONS = YES;
				CLANG_WARN_DIRECT_OBJC_ISA_USAGE = YES_ERROR;
				CLANG_WARN_DOCUMENTATION_COMMENTS = YES;
				CLANG_WARN_EMPTY_BODY = YES;
				CLANG_WARN_ENUM_CONVERSION = YES;
				CLANG_WARN_INFINITE_RECURSION = YES;
				CLANG_WARN_INT_CONVERSION = YES;
				CLANG_WARN_NON_LITERAL_NULL_CONVERSION = YES;
				CLANG_WARN_OBJC_IMPLICIT_RETAIN_SELF = YES;
				CLANG_WARN_OBJC_LITERAL_CONVERSION = YES;
				CLANG_WARN_OBJC_ROOT_CLASS = YES_ERROR;
				CLANG_WARN_RANGE_LOOP_ANALYSIS = YES;
				CLANG_WARN_STRICT_PROTOTYPES = YES;
				CLANG_WARN_SUSPICIOUS_MOVE = YES;
				CLANG_WARN_UNGUARDED_AVAILABILITY = YES_AGGRESSIVE;
				CLANG_WARN_UNREACHABLE_CODE = YES;
				CLANG_WARN__DUPLICATE_METHOD_MATCH = YES;
				CODE_SIGN_IDENTITY = "iPhone Developer";
				COPY_PHASE_STRIP = NO;
				DEBUG_INFORMATION_FORMAT = "dwarf-with-dsym";
				ENABLE_NS_ASSERTIONS = NO;
				ENABLE_STRICT_OBJC_MSGSEND = YES;
				GCC_C_LANGUAGE_STANDARD = gnu11;
				GCC_NO_COMMON_BLOCKS = YES;
				GCC_WARN_64_TO_32_BIT_CONVERSION = YES;
				GCC_WARN_ABOUT_RETURN_TYPE = YES_ERROR;
				GCC_WARN_UNDECLARED_SELECTOR = YES;
				GCC_WARN_UNINITIALIZED_AUTOS = YES_AGGRESSIVE;
				GCC_WARN_UNUSED_FUNCTION = YES;
				GCC_WARN_UNUSED_VARIABLE = YES;
				IPHONEOS_DEPLOYMENT_TARGET = 12.1;
				MTL_ENABLE_DEBUG_INFO = NO;
				MTL_FAST_MATH = YES;
				SDKROOT = iphoneos;
				SWIFT_COMPILATION_MODE = wholemodule;
				SWIFT_OPTIMIZATION_LEVEL = "-O";
				VALIDATE_PRODUCT = YES;
			};
			name = Release;
		};
		4C9044B121EFE65700DEFA36 /* Debug */ = {
			isa = XCBuildConfiguration;
			buildSettings = {
				ASSETCATALOG_COMPILER_APPICON_NAME = AppIcon;
				CODE_SIGN_STYLE = Automatic;
				DEVELOPMENT_TEAM = MUNXZ5F462;
				INFOPLIST_FILE = "ios-alpha/Info.plist";
				LD_RUNPATH_SEARCH_PATHS = (
					"$(inherited)",
					"@executable_path/Frameworks",
				);
				PRODUCT_BUNDLE_IDENTIFIER = "mas.ios-alpha";
				PRODUCT_NAME = "$(TARGET_NAME)";
				SWIFT_VERSION = 4.2;
				TARGETED_DEVICE_FAMILY = "1,2";
			};
			name = Debug;
		};
		4C9044B221EFE65700DEFA36 /* Release */ = {
			isa = XCBuildConfiguration;
			buildSettings = {
				ASSETCATALOG_COMPILER_APPICON_NAME = AppIcon;
				CODE_SIGN_STYLE = Automatic;
				DEVELOPMENT_TEAM = MUNXZ5F462;
				INFOPLIST_FILE = "ios-alpha/Info.plist";
				LD_RUNPATH_SEARCH_PATHS = (
					"$(inherited)",
					"@executable_path/Frameworks",
				);
				PRODUCT_BUNDLE_IDENTIFIER = "mas.ios-alpha";
				PRODUCT_NAME = "$(TARGET_NAME)";
				SWIFT_VERSION = 4.2;
				TARGETED_DEVICE_FAMILY = "1,2";
			};
			name = Release;
		};
		4C9044B421EFE65700DEFA36 /* Debug */ = {
			isa = XCBuildConfiguration;
			buildSettings = {
				ALWAYS_EMBED_SWIFT_STANDARD_LIBRARIES = YES;
				BUNDLE_LOADER = "$(TEST_HOST)";
				CODE_SIGN_STYLE = Automatic;
				DEVELOPMENT_TEAM = MUNXZ5F462;
				INFOPLIST_FILE = "ios-alphaTests/Info.plist";
				LD_RUNPATH_SEARCH_PATHS = (
					"$(inherited)",
					"@executable_path/Frameworks",
					"@loader_path/Frameworks",
				);
				PRODUCT_BUNDLE_IDENTIFIER = "mas.ios-alphaTests";
				PRODUCT_NAME = "$(TARGET_NAME)";
				SWIFT_VERSION = 4.2;
				TARGETED_DEVICE_FAMILY = "1,2";
				TEST_HOST = "$(BUILT_PRODUCTS_DIR)/ios-alpha.app/ios-alpha";
			};
			name = Debug;
		};
		4C9044B521EFE65700DEFA36 /* Release */ = {
			isa = XCBuildConfiguration;
			buildSettings = {
				ALWAYS_EMBED_SWIFT_STANDARD_LIBRARIES = YES;
				BUNDLE_LOADER = "$(TEST_HOST)";
				CODE_SIGN_STYLE = Automatic;
				DEVELOPMENT_TEAM = MUNXZ5F462;
				INFOPLIST_FILE = "ios-alphaTests/Info.plist";
				LD_RUNPATH_SEARCH_PATHS = (
					"$(inherited)",
					"@executable_path/Frameworks",
					"@loader_path/Frameworks",
				);
				PRODUCT_BUNDLE_IDENTIFIER = "mas.ios-alphaTests";
				PRODUCT_NAME = "$(TARGET_NAME)";
				SWIFT_VERSION = 4.2;
				TARGETED_DEVICE_FAMILY = "1,2";
				TEST_HOST = "$(BUILT_PRODUCTS_DIR)/ios-alpha.app/ios-alpha";
			};
			name = Release;
		};
		4C9044B721EFE65700DEFA36 /* Debug */ = {
			isa = XCBuildConfiguration;
			buildSettings = {
				ALWAYS_EMBED_SWIFT_STANDARD_LIBRARIES = YES;
				CODE_SIGN_STYLE = Automatic;
				DEVELOPMENT_TEAM = MUNXZ5F462;
				INFOPLIST_FILE = "ios-alphaUITests/Info.plist";
				LD_RUNPATH_SEARCH_PATHS = (
					"$(inherited)",
					"@executable_path/Frameworks",
					"@loader_path/Frameworks",
				);
				PRODUCT_BUNDLE_IDENTIFIER = "mas.ios-alphaUITests";
				PRODUCT_NAME = "$(TARGET_NAME)";
				SWIFT_VERSION = 4.2;
				TARGETED_DEVICE_FAMILY = "1,2";
				TEST_TARGET_NAME = "ios-alpha";
			};
			name = Debug;
		};
		4C9044B821EFE65700DEFA36 /* Release */ = {
			isa = XCBuildConfiguration;
			buildSettings = {
				ALWAYS_EMBED_SWIFT_STANDARD_LIBRARIES = YES;
				CODE_SIGN_STYLE = Automatic;
				DEVELOPMENT_TEAM = MUNXZ5F462;
				INFOPLIST_FILE = "ios-alphaUITests/Info.plist";
				LD_RUNPATH_SEARCH_PATHS = (
					"$(inherited)",
					"@executable_path/Frameworks",
					"@loader_path/Frameworks",
				);
				PRODUCT_BUNDLE_IDENTIFIER = "mas.ios-alphaUITests";
				PRODUCT_NAME = "$(TARGET_NAME)";
				SWIFT_VERSION = 4.2;
				TARGETED_DEVICE_FAMILY = "1,2";
				TEST_TARGET_NAME = "ios-alpha";
			};
			name = Release;
		};
/* End XCBuildConfiguration section */

/* Begin XCConfigurationList section */
		4C90448021EFE65600DEFA36 /* Build configuration list for PBXProject "ios-alpha" */ = {
			isa = XCConfigurationList;
			buildConfigurations = (
				4C9044AE21EFE65700DEFA36 /* Debug */,
				4C9044AF21EFE65700DEFA36 /* Release */,
			);
			defaultConfigurationIsVisible = 0;
			defaultConfigurationName = Release;
		};
		4C9044B021EFE65700DEFA36 /* Build configuration list for PBXNativeTarget "ios-alpha" */ = {
			isa = XCConfigurationList;
			buildConfigurations = (
				4C9044B121EFE65700DEFA36 /* Debug */,
				4C9044B221EFE65700DEFA36 /* Release */,
			);
			defaultConfigurationIsVisible = 0;
			defaultConfigurationName = Release;
		};
		4C9044B321EFE65700DEFA36 /* Build configuration list for PBXNativeTarget "ios-alphaTests" */ = {
			isa = XCConfigurationList;
			buildConfigurations = (
				4C9044B421EFE65700DEFA36 /* Debug */,
				4C9044B521EFE65700DEFA36 /* Release */,
			);
			defaultConfigurationIsVisible = 0;
			defaultConfigurationName = Release;
		};
		4C9044B621EFE65700DEFA36 /* Build configuration list for PBXNativeTarget "ios-alphaUITests" */ = {
			isa = XCConfigurationList;
			buildConfigurations = (
				4C9044B721EFE65700DEFA36 /* Debug */,
				4C9044B821EFE65700DEFA36 /* Release */,
			);
			defaultConfigurationIsVisible = 0;
			defaultConfigurationName = Release;
		};
/* End XCConfigurationList section */

/* Begin XCVersionGroup section */
		4C90448F21EFE65600DEFA36 /* ios_alpha.xcdatamodeld */ = {
			isa = XCVersionGroup;
			children = (
				4C90449021EFE65600DEFA36 /* ios_alpha.xcdatamodel */,
			);
			currentVersion = 4C90449021EFE65600DEFA36 /* ios_alpha.xcdatamodel */;
			path = ios_alpha.xcdatamodeld;
			sourceTree = "<group>";
			versionGroupType = wrapper.xcdatamodel;
		};
/* End XCVersionGroup section */
	};
	rootObject = 4C90447D21EFE65600DEFA36 /* Project object */;
}
